// !$*UTF8*$!
{
	archiveVersion = 1;
	classes = {
	};
	objectVersion = 46;
	objects = {

/* Begin PBXBuildFile section */
		A240ADE11AA11D9D00A19D30 /* AppDelegate.swift in Sources */ = {isa = PBXBuildFile; fileRef = A240ADE01AA11D9D00A19D30 /* AppDelegate.swift */; };
		A240ADE81AA11D9D00A19D30 /* Images.xcassets in Resources */ = {isa = PBXBuildFile; fileRef = A240ADE71AA11D9D00A19D30 /* Images.xcassets */; };
		A240ADEB1AA11D9D00A19D30 /* MainMenu.xib in Resources */ = {isa = PBXBuildFile; fileRef = A240ADE91AA11D9D00A19D30 /* MainMenu.xib */; };
		A240ADF71AA11D9D00A19D30 /* PresentIOTests.swift in Sources */ = {isa = PBXBuildFile; fileRef = A240ADF61AA11D9D00A19D30 /* PresentIOTests.swift */; };
		A240AE011AA11EAB00A19D30 /* AVFoundation.framework in Frameworks */ = {isa = PBXBuildFile; fileRef = A240AE001AA11EAB00A19D30 /* AVFoundation.framework */; };
		A240AE0B1AA2504200A19D30 /* CoreMediaIO.framework in Frameworks */ = {isa = PBXBuildFile; fileRef = A240AE0A1AA2504200A19D30 /* CoreMediaIO.framework */; };
		A240AE0D1AA304B200A19D30 /* DeviceUtils.swift in Sources */ = {isa = PBXBuildFile; fileRef = A240AE0C1AA304B200A19D30 /* DeviceUtils.swift */; };
		A25AC01B1ABB74BD00DC1AB4 /* Skin_iPad.xib in Resources */ = {isa = PBXBuildFile; fileRef = A25AC01A1ABB74BD00DC1AB4 /* Skin_iPad.xib */; };
		A2820E691AAE538000393CAA /* Skin.swift in Sources */ = {isa = PBXBuildFile; fileRef = A2820E681AAE538000393CAA /* Skin.swift */; };
		A2AF97921AC7E65A0052CB76 /* Extensions.swift in Sources */ = {isa = PBXBuildFile; fileRef = A2AF97911AC7E65A0052CB76 /* Extensions.swift */; };
		A2BEAB7D1AAAEB1F00FDFC72 /* NotificationManager.swift in Sources */ = {isa = PBXBuildFile; fileRef = A2BEAB7C1AAAEB1F00FDFC72 /* NotificationManager.swift */; };
		A2BEAB811AAD0A9900FDFC72 /* Skin.xib in Resources */ = {isa = PBXBuildFile; fileRef = A2BEAB801AAD0A9900FDFC72 /* Skin.xib */; };
		A2FD12E01C5BC1210056244E /* Device.swift in Sources */ = {isa = PBXBuildFile; fileRef = A2FD12DF1C5BC1210056244E /* Device.swift */; };
/* End PBXBuildFile section */

/* Begin PBXContainerItemProxy section */
		A240ADF11AA11D9D00A19D30 /* PBXContainerItemProxy */ = {
			isa = PBXContainerItemProxy;
			containerPortal = A240ADD31AA11D9D00A19D30 /* Project object */;
			proxyType = 1;
			remoteGlobalIDString = A240ADDA1AA11D9D00A19D30;
			remoteInfo = PresentIO;
		};
/* End PBXContainerItemProxy section */

/* Begin PBXFileReference section */
		A240ADDB1AA11D9D00A19D30 /* PresentIO.app */ = {isa = PBXFileReference; explicitFileType = wrapper.application; includeInIndex = 0; path = PresentIO.app; sourceTree = BUILT_PRODUCTS_DIR; };
		A240ADDF1AA11D9D00A19D30 /* Info.plist */ = {isa = PBXFileReference; lastKnownFileType = text.plist.xml; path = Info.plist; sourceTree = "<group>"; };
		A240ADE01AA11D9D00A19D30 /* AppDelegate.swift */ = {isa = PBXFileReference; lastKnownFileType = sourcecode.swift; path = AppDelegate.swift; sourceTree = "<group>"; };
		A240ADE71AA11D9D00A19D30 /* Images.xcassets */ = {isa = PBXFileReference; lastKnownFileType = folder.assetcatalog; path = Images.xcassets; sourceTree = "<group>"; };
		A240ADEA1AA11D9D00A19D30 /* Base */ = {isa = PBXFileReference; lastKnownFileType = file.xib; name = Base; path = Base.lproj/MainMenu.xib; sourceTree = "<group>"; };
		A240ADF01AA11D9D00A19D30 /* PresentIOTests.xctest */ = {isa = PBXFileReference; explicitFileType = wrapper.cfbundle; includeInIndex = 0; path = PresentIOTests.xctest; sourceTree = BUILT_PRODUCTS_DIR; };
		A240ADF51AA11D9D00A19D30 /* Info.plist */ = {isa = PBXFileReference; lastKnownFileType = text.plist.xml; path = Info.plist; sourceTree = "<group>"; };
		A240ADF61AA11D9D00A19D30 /* PresentIOTests.swift */ = {isa = PBXFileReference; lastKnownFileType = sourcecode.swift; path = PresentIOTests.swift; sourceTree = "<group>"; };
		A240AE001AA11EAB00A19D30 /* AVFoundation.framework */ = {isa = PBXFileReference; lastKnownFileType = wrapper.framework; name = AVFoundation.framework; path = System/Library/Frameworks/AVFoundation.framework; sourceTree = SDKROOT; };
		A240AE0A1AA2504200A19D30 /* CoreMediaIO.framework */ = {isa = PBXFileReference; lastKnownFileType = wrapper.framework; name = CoreMediaIO.framework; path = System/Library/Frameworks/CoreMediaIO.framework; sourceTree = SDKROOT; };
		A240AE0C1AA304B200A19D30 /* DeviceUtils.swift */ = {isa = PBXFileReference; fileEncoding = 4; lastKnownFileType = sourcecode.swift; path = DeviceUtils.swift; sourceTree = "<group>"; };
		A25AC01A1ABB74BD00DC1AB4 /* Skin_iPad.xib */ = {isa = PBXFileReference; fileEncoding = 4; lastKnownFileType = file.xib; path = Skin_iPad.xib; sourceTree = "<group>"; };
		A2820E681AAE538000393CAA /* Skin.swift */ = {isa = PBXFileReference; fileEncoding = 4; lastKnownFileType = sourcecode.swift; path = Skin.swift; sourceTree = "<group>"; };
		A2AF97911AC7E65A0052CB76 /* Extensions.swift */ = {isa = PBXFileReference; fileEncoding = 4; lastKnownFileType = sourcecode.swift; path = Extensions.swift; sourceTree = "<group>"; };
		A2BEAB7C1AAAEB1F00FDFC72 /* NotificationManager.swift */ = {isa = PBXFileReference; fileEncoding = 4; lastKnownFileType = sourcecode.swift; path = NotificationManager.swift; sourceTree = "<group>"; };
		A2BEAB801AAD0A9900FDFC72 /* Skin.xib */ = {isa = PBXFileReference; fileEncoding = 4; lastKnownFileType = file.xib; path = Skin.xib; sourceTree = "<group>"; };
		A2FD12DF1C5BC1210056244E /* Device.swift */ = {isa = PBXFileReference; fileEncoding = 4; lastKnownFileType = sourcecode.swift; path = Device.swift; sourceTree = "<group>"; };
/* End PBXFileReference section */

/* Begin PBXFrameworksBuildPhase section */
		A240ADD81AA11D9D00A19D30 /* Frameworks */ = {
			isa = PBXFrameworksBuildPhase;
			buildActionMask = 2147483647;
			files = (
				A240AE0B1AA2504200A19D30 /* CoreMediaIO.framework in Frameworks */,
				A240AE011AA11EAB00A19D30 /* AVFoundation.framework in Frameworks */,
			);
			runOnlyForDeploymentPostprocessing = 0;
		};
		A240ADED1AA11D9D00A19D30 /* Frameworks */ = {
			isa = PBXFrameworksBuildPhase;
			buildActionMask = 2147483647;
			files = (
			);
			runOnlyForDeploymentPostprocessing = 0;
		};
/* End PBXFrameworksBuildPhase section */

/* Begin PBXGroup section */
		A240ADD21AA11D9D00A19D30 = {
			isa = PBXGroup;
			children = (
				A240AE0A1AA2504200A19D30 /* CoreMediaIO.framework */,
				A240AE001AA11EAB00A19D30 /* AVFoundation.framework */,
				A240ADDD1AA11D9D00A19D30 /* PresentIO */,
				A240ADF31AA11D9D00A19D30 /* PresentIOTests */,
				A240ADDC1AA11D9D00A19D30 /* Products */,
			);
			sourceTree = "<group>";
		};
		A240ADDC1AA11D9D00A19D30 /* Products */ = {
			isa = PBXGroup;
			children = (
				A240ADDB1AA11D9D00A19D30 /* PresentIO.app */,
				A240ADF01AA11D9D00A19D30 /* PresentIOTests.xctest */,
			);
			name = Products;
			sourceTree = "<group>";
		};
		A240ADDD1AA11D9D00A19D30 /* PresentIO */ = {
			isa = PBXGroup;
			children = (
				A240ADE01AA11D9D00A19D30 /* AppDelegate.swift */,
				A2820E681AAE538000393CAA /* Skin.swift */,
				A240ADE91AA11D9D00A19D30 /* MainMenu.xib */,
				A2BEAB801AAD0A9900FDFC72 /* Skin.xib */,
				A25AC01A1ABB74BD00DC1AB4 /* Skin_iPad.xib */,
				A240AE0C1AA304B200A19D30 /* DeviceUtils.swift */,
				A2BEAB7C1AAAEB1F00FDFC72 /* NotificationManager.swift */,
				A240ADE71AA11D9D00A19D30 /* Images.xcassets */,
				A240ADDE1AA11D9D00A19D30 /* Supporting Files */,
				A2AF97911AC7E65A0052CB76 /* Extensions.swift */,
				A2FD12DF1C5BC1210056244E /* Device.swift */,
			);
			path = PresentIO;
			sourceTree = "<group>";
		};
		A240ADDE1AA11D9D00A19D30 /* Supporting Files */ = {
			isa = PBXGroup;
			children = (
				A240ADDF1AA11D9D00A19D30 /* Info.plist */,
			);
			name = "Supporting Files";
			sourceTree = "<group>";
		};
		A240ADF31AA11D9D00A19D30 /* PresentIOTests */ = {
			isa = PBXGroup;
			children = (
				A240ADF61AA11D9D00A19D30 /* PresentIOTests.swift */,
				A240ADF41AA11D9D00A19D30 /* Supporting Files */,
			);
			path = PresentIOTests;
			sourceTree = "<group>";
		};
		A240ADF41AA11D9D00A19D30 /* Supporting Files */ = {
			isa = PBXGroup;
			children = (
				A240ADF51AA11D9D00A19D30 /* Info.plist */,
			);
			name = "Supporting Files";
			sourceTree = "<group>";
		};
/* End PBXGroup section */

/* Begin PBXNativeTarget section */
		A240ADDA1AA11D9D00A19D30 /* PresentIO */ = {
			isa = PBXNativeTarget;
			buildConfigurationList = A240ADFA1AA11D9D00A19D30 /* Build configuration list for PBXNativeTarget "PresentIO" */;
			buildPhases = (
				A240ADD71AA11D9D00A19D30 /* Sources */,
				A240ADD81AA11D9D00A19D30 /* Frameworks */,
				A240ADD91AA11D9D00A19D30 /* Resources */,
			);
			buildRules = (
			);
			dependencies = (
			);
			name = PresentIO;
			productName = PresentIO;
			productReference = A240ADDB1AA11D9D00A19D30 /* PresentIO.app */;
			productType = "com.apple.product-type.application";
		};
		A240ADEF1AA11D9D00A19D30 /* PresentIOTests */ = {
			isa = PBXNativeTarget;
			buildConfigurationList = A240ADFD1AA11D9D00A19D30 /* Build configuration list for PBXNativeTarget "PresentIOTests" */;
			buildPhases = (
				A240ADEC1AA11D9D00A19D30 /* Sources */,
				A240ADED1AA11D9D00A19D30 /* Frameworks */,
				A240ADEE1AA11D9D00A19D30 /* Resources */,
			);
			buildRules = (
			);
			dependencies = (
				A240ADF21AA11D9D00A19D30 /* PBXTargetDependency */,
			);
			name = PresentIOTests;
			productName = PresentIOTests;
			productReference = A240ADF01AA11D9D00A19D30 /* PresentIOTests.xctest */;
			productType = "com.apple.product-type.bundle.unit-test";
		};
/* End PBXNativeTarget section */

/* Begin PBXProject section */
		A240ADD31AA11D9D00A19D30 /* Project object */ = {
			isa = PBXProject;
			attributes = {
				LastSwiftMigration = 0720;
				LastSwiftUpdateCheck = 0720;
				LastUpgradeCheck = 0720;
				ORGANIZATIONNAME = Borrega;
				TargetAttributes = {
					A240ADDA1AA11D9D00A19D30 = {
						CreatedOnToolsVersion = 6.1.1;
						DevelopmentTeam = YL46A6266C;
					};
					A240ADEF1AA11D9D00A19D30 = {
						CreatedOnToolsVersion = 6.1.1;
						TestTargetID = A240ADDA1AA11D9D00A19D30;
					};
				};
			};
			buildConfigurationList = A240ADD61AA11D9D00A19D30 /* Build configuration list for PBXProject "PresentIO" */;
			compatibilityVersion = "Xcode 3.2";
			developmentRegion = English;
			hasScannedForEncodings = 0;
			knownRegions = (
				en,
				Base,
			);
			mainGroup = A240ADD21AA11D9D00A19D30;
			productRefGroup = A240ADDC1AA11D9D00A19D30 /* Products */;
			projectDirPath = "";
			projectRoot = "";
			targets = (
				A240ADDA1AA11D9D00A19D30 /* PresentIO */,
				A240ADEF1AA11D9D00A19D30 /* PresentIOTests */,
			);
		};
/* End PBXProject section */

/* Begin PBXResourcesBuildPhase section */
		A240ADD91AA11D9D00A19D30 /* Resources */ = {
			isa = PBXResourcesBuildPhase;
			buildActionMask = 2147483647;
			files = (
				A25AC01B1ABB74BD00DC1AB4 /* Skin_iPad.xib in Resources */,
				A2BEAB811AAD0A9900FDFC72 /* Skin.xib in Resources */,
				A240ADE81AA11D9D00A19D30 /* Images.xcassets in Resources */,
				A240ADEB1AA11D9D00A19D30 /* MainMenu.xib in Resources */,
			);
			runOnlyForDeploymentPostprocessing = 0;
		};
		A240ADEE1AA11D9D00A19D30 /* Resources */ = {
			isa = PBXResourcesBuildPhase;
			buildActionMask = 2147483647;
			files = (
			);
			runOnlyForDeploymentPostprocessing = 0;
		};
/* End PBXResourcesBuildPhase section */

/* Begin PBXSourcesBuildPhase section */
		A240ADD71AA11D9D00A19D30 /* Sources */ = {
			isa = PBXSourcesBuildPhase;
			buildActionMask = 2147483647;
			files = (
				A2AF97921AC7E65A0052CB76 /* Extensions.swift in Sources */,
				A240AE0D1AA304B200A19D30 /* DeviceUtils.swift in Sources */,
				A2BEAB7D1AAAEB1F00FDFC72 /* NotificationManager.swift in Sources */,
				A2FD12E01C5BC1210056244E /* Device.swift in Sources */,
				A240ADE11AA11D9D00A19D30 /* AppDelegate.swift in Sources */,
				A2820E691AAE538000393CAA /* Skin.swift in Sources */,
			);
			runOnlyForDeploymentPostprocessing = 0;
		};
		A240ADEC1AA11D9D00A19D30 /* Sources */ = {
			isa = PBXSourcesBuildPhase;
			buildActionMask = 2147483647;
			files = (
				A240ADF71AA11D9D00A19D30 /* PresentIOTests.swift in Sources */,
			);
			runOnlyForDeploymentPostprocessing = 0;
		};
/* End PBXSourcesBuildPhase section */

/* Begin PBXTargetDependency section */
		A240ADF21AA11D9D00A19D30 /* PBXTargetDependency */ = {
			isa = PBXTargetDependency;
			target = A240ADDA1AA11D9D00A19D30 /* PresentIO */;
			targetProxy = A240ADF11AA11D9D00A19D30 /* PBXContainerItemProxy */;
		};
/* End PBXTargetDependency section */

/* Begin PBXVariantGroup section */
		A240ADE91AA11D9D00A19D30 /* MainMenu.xib */ = {
			isa = PBXVariantGroup;
			children = (
				A240ADEA1AA11D9D00A19D30 /* Base */,
			);
			name = MainMenu.xib;
			sourceTree = "<group>";
		};
/* End PBXVariantGroup section */

/* Begin XCBuildConfiguration section */
		A240ADF81AA11D9D00A19D30 /* Debug */ = {
			isa = XCBuildConfiguration;
			buildSettings = {
				ALWAYS_SEARCH_USER_PATHS = NO;
				CLANG_CXX_LANGUAGE_STANDARD = "gnu++0x";
				CLANG_CXX_LIBRARY = "libc++";
				CLANG_ENABLE_MODULES = YES;
				CLANG_ENABLE_OBJC_ARC = YES;
				CLANG_WARN_BOOL_CONVERSION = YES;
				CLANG_WARN_CONSTANT_CONVERSION = YES;
				CLANG_WARN_DIRECT_OBJC_ISA_USAGE = YES_ERROR;
				CLANG_WARN_EMPTY_BODY = YES;
				CLANG_WARN_ENUM_CONVERSION = YES;
				CLANG_WARN_INT_CONVERSION = YES;
				CLANG_WARN_OBJC_ROOT_CLASS = YES_ERROR;
				CLANG_WARN_UNREACHABLE_CODE = YES;
				CLANG_WARN__DUPLICATE_METHOD_MATCH = YES;
				CODE_SIGN_IDENTITY = "-";
				COPY_PHASE_STRIP = NO;
				ENABLE_STRICT_OBJC_MSGSEND = YES;
				ENABLE_TESTABILITY = YES;
				GCC_C_LANGUAGE_STANDARD = gnu99;
				GCC_DYNAMIC_NO_PIC = NO;
				GCC_OPTIMIZATION_LEVEL = 0;
				GCC_PREPROCESSOR_DEFINITIONS = (
					"DEBUG=1",
					"$(inherited)",
				);
				GCC_SYMBOLS_PRIVATE_EXTERN = NO;
				GCC_WARN_64_TO_32_BIT_CONVERSION = YES;
				GCC_WARN_ABOUT_RETURN_TYPE = YES_ERROR;
				GCC_WARN_UNDECLARED_SELECTOR = YES;
				GCC_WARN_UNINITIALIZED_AUTOS = YES_AGGRESSIVE;
				GCC_WARN_UNUSED_FUNCTION = YES;
				GCC_WARN_UNUSED_VARIABLE = YES;
				MACOSX_DEPLOYMENT_TARGET = 10.10;
				MTL_ENABLE_DEBUG_INFO = YES;
				ONLY_ACTIVE_ARCH = YES;
				SDKROOT = macosx;
				SWIFT_OPTIMIZATION_LEVEL = "-Onone";
			};
			name = Debug;
		};
		A240ADF91AA11D9D00A19D30 /* Release */ = {
			isa = XCBuildConfiguration;
			buildSettings = {
				ALWAYS_SEARCH_USER_PATHS = NO;
				CLANG_CXX_LANGUAGE_STANDARD = "gnu++0x";
				CLANG_CXX_LIBRARY = "libc++";
				CLANG_ENABLE_MODULES = YES;
				CLANG_ENABLE_OBJC_ARC = YES;
				CLANG_WARN_BOOL_CONVERSION = YES;
				CLANG_WARN_CONSTANT_CONVERSION = YES;
				CLANG_WARN_DIRECT_OBJC_ISA_USAGE = YES_ERROR;
				CLANG_WARN_EMPTY_BODY = YES;
				CLANG_WARN_ENUM_CONVERSION = YES;
				CLANG_WARN_INT_CONVERSION = YES;
				CLANG_WARN_OBJC_ROOT_CLASS = YES_ERROR;
				CLANG_WARN_UNREACHABLE_CODE = YES;
				CLANG_WARN__DUPLICATE_METHOD_MATCH = YES;
				CODE_SIGN_IDENTITY = "-";
				COPY_PHASE_STRIP = YES;
				DEBUG_INFORMATION_FORMAT = "dwarf-with-dsym";
				ENABLE_NS_ASSERTIONS = NO;
				ENABLE_STRICT_OBJC_MSGSEND = YES;
				GCC_C_LANGUAGE_STANDARD = gnu99;
				GCC_WARN_64_TO_32_BIT_CONVERSION = YES;
				GCC_WARN_ABOUT_RETURN_TYPE = YES_ERROR;
				GCC_WARN_UNDECLARED_SELECTOR = YES;
				GCC_WARN_UNINITIALIZED_AUTOS = YES_AGGRESSIVE;
				GCC_WARN_UNUSED_FUNCTION = YES;
				GCC_WARN_UNUSED_VARIABLE = YES;
				MACOSX_DEPLOYMENT_TARGET = 10.10;
				MTL_ENABLE_DEBUG_INFO = NO;
				SDKROOT = macosx;
			};
			name = Release;
		};
		A240ADFB1AA11D9D00A19D30 /* Debug */ = {
			isa = XCBuildConfiguration;
			buildSettings = {
				ASSETCATALOG_COMPILER_APPICON_NAME = AppIcon;
				CODE_SIGN_IDENTITY = "Mac Developer";
				COMBINE_HIDPI_IMAGES = YES;
				INFOPLIST_FILE = PresentIO/Info.plist;
				LD_RUNPATH_SEARCH_PATHS = "$(inherited) @executable_path/../Frameworks";
				PRODUCT_BUNDLE_IDENTIFIER = com.gborrega.presentio;
				PRODUCT_NAME = "$(TARGET_NAME)";
			};
			name = Debug;
		};
		A240ADFC1AA11D9D00A19D30 /* Release */ = {
			isa = XCBuildConfiguration;
			buildSettings = {
				ASSETCATALOG_COMPILER_APPICON_NAME = AppIcon;
				CODE_SIGN_IDENTITY = "Mac Developer";
				COMBINE_HIDPI_IMAGES = YES;
				INFOPLIST_FILE = PresentIO/Info.plist;
				LD_RUNPATH_SEARCH_PATHS = "$(inherited) @executable_path/../Frameworks";
				PRODUCT_BUNDLE_IDENTIFIER = com.gborrega.presentio;
				PRODUCT_NAME = "$(TARGET_NAME)";
			};
			name = Release;
		};
		A240ADFE1AA11D9D00A19D30 /* Debug */ = {
			isa = XCBuildConfiguration;
			buildSettings = {
				BUNDLE_LOADER = "$(TEST_HOST)";
				COMBINE_HIDPI_IMAGES = YES;
				FRAMEWORK_SEARCH_PATHS = (
					"$(DEVELOPER_FRAMEWORKS_DIR)",
					"$(inherited)",
				);
				GCC_PREPROCESSOR_DEFINITIONS = (
					"DEBUG=1",
					"$(inherited)",
				);
				INFOPLIST_FILE = PresentIOTests/Info.plist;
				LD_RUNPATH_SEARCH_PATHS = "$(inherited) @executable_path/../Frameworks @loader_path/../Frameworks";
				PRODUCT_BUNDLE_IDENTIFIER = "com.borrega.$(PRODUCT_NAME:rfc1034identifier)";
				PRODUCT_NAME = "$(TARGET_NAME)";
				TEST_HOST = "$(BUILT_PRODUCTS_DIR)/PresentIO.app/Contents/MacOS/PresentIO";
			};
			name = Debug;
		};
		A240ADFF1AA11D9D00A19D30 /* Release */ = {
			isa = XCBuildConfiguration;
			buildSettings = {
				BUNDLE_LOADER = "$(TEST_HOST)";
				COMBINE_HIDPI_IMAGES = YES;
				FRAMEWORK_SEARCH_PATHS = (
					"$(DEVELOPER_FRAMEWORKS_DIR)",
					"$(inherited)",
				);
				INFOPLIST_FILE = PresentIOTests/Info.plist;
				LD_RUNPATH_SEARCH_PATHS = "$(inherited) @executable_path/../Frameworks @loader_path/../Frameworks";
				PRODUCT_BUNDLE_IDENTIFIER = "com.borrega.$(PRODUCT_NAME:rfc1034identifier)";
				PRODUCT_NAME = "$(TARGET_NAME)";
				TEST_HOST = "$(BUILT_PRODUCTS_DIR)/PresentIO.app/Contents/MacOS/PresentIO";
			};
			name = Release;
		};
/* End XCBuildConfiguration section */

/* Begin XCConfigurationList section */
		A240ADD61AA11D9D00A19D30 /* Build configuration list for PBXProject "PresentIO" */ = {
			isa = XCConfigurationList;
			buildConfigurations = (
				A240ADF81AA11D9D00A19D30 /* Debug */,
				A240ADF91AA11D9D00A19D30 /* Release */,
			);
			defaultConfigurationIsVisible = 0;
			defaultConfigurationName = Release;
		};
		A240ADFA1AA11D9D00A19D30 /* Build configuration list for PBXNativeTarget "PresentIO" */ = {
			isa = XCConfigurationList;
			buildConfigurations = (
				A240ADFB1AA11D9D00A19D30 /* Debug */,
				A240ADFC1AA11D9D00A19D30 /* Release */,
			);
			defaultConfigurationIsVisible = 0;
			defaultConfigurationName = Release;
		};
		A240ADFD1AA11D9D00A19D30 /* Build configuration list for PBXNativeTarget "PresentIOTests" */ = {
			isa = XCConfigurationList;
			buildConfigurations = (
				A240ADFE1AA11D9D00A19D30 /* Debug */,
				A240ADFF1AA11D9D00A19D30 /* Release */,
			);
			defaultConfigurationIsVisible = 0;
			defaultConfigurationName = Release;
		};
/* End XCConfigurationList section */
	};
	rootObject = A240ADD31AA11D9D00A19D30 /* Project object */;
}
